
Microsoft Visual Studio Solution File, Format Version 12.00
# Visual Studio Version 16
VisualStudioVersion = 16.6.30114.105
MinimumVisualStudioVersion = 10.0.40219.1
Project("{9A19103F-16F7-4668-BE54-9A1E7A4F7556}") = "SimpleForex.API", "Source\SimpleForex.API\SimpleForex.API.csproj", "{0EDBBC2E-A0BC-4A9A-A764-19820E9D1B6B}"
EndProject
Project("{9A19103F-16F7-4668-BE54-9A1E7A4F7556}") = "SimpleForex.Core", "Source\SimpleForex.Core\SimpleForex.Core.csproj", "{1257F954-9E66-4588-B29F-0C2D4AA01654}"
EndProject
Project("{9A19103F-16F7-4668-BE54-9A1E7A4F7556}") = "SimpleForex.Persistence", "Source\SimpleForex.Persistence\SimpleForex.Persistence.csproj", "{D00110FD-F183-4B5D-B0E7-C59309954B39}"
EndProject
Project("{9A19103F-16F7-4668-BE54-9A1E7A4F7556}") = "SimpleForex.Application", "Source\SimpleForex.Application\SimpleForex.Application.csproj", "{29D15693-06F4-4532-A64A-9B94DFCD84B6}"
EndProject
Project("{2150E333-8FDC-42A3-9474-1A3956D46DE8}") = "Solution Items", "Solution Items", "{833371A6-E89B-4653-95D4-AE41B77412BA}"
	ProjectSection(SolutionItems) = preProject
		.editorconfig = .editorconfig
		.gitattributes = .gitattributes
		.gitignore = .gitignore
		LICENSE = LICENSE
		README.md = README.md
	EndProjectSection
EndProject
Project("{2150E333-8FDC-42A3-9474-1A3956D46DE8}") = "0 - Core", "0 - Core", "{4FF2DD3A-2DB3-46CB-B187-304610308701}"
EndProject
Project("{2150E333-8FDC-42A3-9474-1A3956D46DE8}") = "1 - Persistence", "1 - Persistence", "{ED2DAA59-73DD-4EDA-8997-A7178E9CC699}"
EndProject
Project("{2150E333-8FDC-42A3-9474-1A3956D46DE8}") = "2 - Application", "2 - Application", "{6D60CCDF-D978-48E5-902C-DC9CC0856606}"
EndProject
Project("{2150E333-8FDC-42A3-9474-1A3956D46DE8}") = "3 - API", "3 - API", "{BEF2EB11-B0E8-4985-8313-92ACF41B456C}"
EndProject
Project("{2150E333-8FDC-42A3-9474-1A3956D46DE8}") = "Tests", "Tests", "{E1115F12-B023-4B15-AC7A-D92224BF029F}"
EndProject
Global
	GlobalSection(SolutionConfigurationPlatforms) = preSolution
		Debug|Any CPU = Debug|Any CPU
		Debug|x64 = Debug|x64
		Debug|x86 = Debug|x86
		MOCK|Any CPU = MOCK|Any CPU
		MOCK|x64 = MOCK|x64
		MOCK|x86 = MOCK|x86
		Release|Any CPU = Release|Any CPU
		Release|x64 = Release|x64
		Release|x86 = Release|x86
	EndGlobalSection
	GlobalSection(ProjectConfigurationPlatforms) = postSolution
		{0EDBBC2E-A0BC-4A9A-A764-19820E9D1B6B}.Debug|Any CPU.ActiveCfg = Debug|Any CPU
		{0EDBBC2E-A0BC-4A9A-A764-19820E9D1B6B}.Debug|Any CPU.Build.0 = Debug|Any CPU
		{0EDBBC2E-A0BC-4A9A-A764-19820E9D1B6B}.Debug|x64.ActiveCfg = Debug|Any CPU
		{0EDBBC2E-A0BC-4A9A-A764-19820E9D1B6B}.Debug|x64.Build.0 = Debug|Any CPU
		{0EDBBC2E-A0BC-4A9A-A764-19820E9D1B6B}.Debug|x86.ActiveCfg = Debug|Any CPU
		{0EDBBC2E-A0BC-4A9A-A764-19820E9D1B6B}.Debug|x86.Build.0 = Debug|Any CPU
		{0EDBBC2E-A0BC-4A9A-A764-19820E9D1B6B}.MOCK|Any CPU.ActiveCfg = MOCK|Any CPU
		{0EDBBC2E-A0BC-4A9A-A764-19820E9D1B6B}.MOCK|Any CPU.Build.0 = MOCK|Any CPU
		{0EDBBC2E-A0BC-4A9A-A764-19820E9D1B6B}.MOCK|x64.ActiveCfg = MOCK|Any CPU
		{0EDBBC2E-A0BC-4A9A-A764-19820E9D1B6B}.MOCK|x64.Build.0 = MOCK|Any CPU
		{0EDBBC2E-A0BC-4A9A-A764-19820E9D1B6B}.MOCK|x86.ActiveCfg = MOCK|Any CPU
		{0EDBBC2E-A0BC-4A9A-A764-19820E9D1B6B}.MOCK|x86.Build.0 = MOCK|Any CPU
		{0EDBBC2E-A0BC-4A9A-A764-19820E9D1B6B}.Release|Any CPU.ActiveCfg = Release|Any CPU
		{0EDBBC2E-A0BC-4A9A-A764-19820E9D1B6B}.Release|Any CPU.Build.0 = Release|Any CPU
		{0EDBBC2E-A0BC-4A9A-A764-19820E9D1B6B}.Release|x64.ActiveCfg = Release|Any CPU
		{0EDBBC2E-A0BC-4A9A-A764-19820E9D1B6B}.Release|x64.Build.0 = Release|Any CPU
		{0EDBBC2E-A0BC-4A9A-A764-19820E9D1B6B}.Release|x86.ActiveCfg = Release|Any CPU
		{0EDBBC2E-A0BC-4A9A-A764-19820E9D1B6B}.Release|x86.Build.0 = Release|Any CPU
		{1257F954-9E66-4588-B29F-0C2D4AA01654}.Debug|Any CPU.ActiveCfg = Debug|Any CPU
		{1257F954-9E66-4588-B29F-0C2D4AA01654}.Debug|Any CPU.Build.0 = Debug|Any CPU
		{1257F954-9E66-4588-B29F-0C2D4AA01654}.Debug|x64.ActiveCfg = Debug|Any CPU
		{1257F954-9E66-4588-B29F-0C2D4AA01654}.Debug|x64.Build.0 = Debug|Any CPU
		{1257F954-9E66-4588-B29F-0C2D4AA01654}.Debug|x86.ActiveCfg = Debug|Any CPU
		{1257F954-9E66-4588-B29F-0C2D4AA01654}.Debug|x86.Build.0 = Debug|Any CPU
		{1257F954-9E66-4588-B29F-0C2D4AA01654}.MOCK|Any CPU.ActiveCfg = MOCK|Any CPU
		{1257F954-9E66-4588-B29F-0C2D4AA01654}.MOCK|Any CPU.Build.0 = MOCK|Any CPU
		{1257F954-9E66-4588-B29F-0C2D4AA01654}.MOCK|x64.ActiveCfg = MOCK|Any CPU
		{1257F954-9E66-4588-B29F-0C2D4AA01654}.MOCK|x64.Build.0 = MOCK|Any CPU
		{1257F954-9E66-4588-B29F-0C2D4AA01654}.MOCK|x86.ActiveCfg = MOCK|Any CPU
		{1257F954-9E66-4588-B29F-0C2D4AA01654}.MOCK|x86.Build.0 = MOCK|Any CPU
		{1257F954-9E66-4588-B29F-0C2D4AA01654}.Release|Any CPU.ActiveCfg = Release|Any CPU
		{1257F954-9E66-4588-B29F-0C2D4AA01654}.Release|Any CPU.Build.0 = Release|Any CPU
		{1257F954-9E66-4588-B29F-0C2D4AA01654}.Release|x64.ActiveCfg = Release|Any CPU
		{1257F954-9E66-4588-B29F-0C2D4AA01654}.Release|x64.Build.0 = Release|Any CPU
		{1257F954-9E66-4588-B29F-0C2D4AA01654}.Release|x86.ActiveCfg = Release|Any CPU
		{1257F954-9E66-4588-B29F-0C2D4AA01654}.Release|x86.Build.0 = Release|Any CPU
		{D00110FD-F183-4B5D-B0E7-C59309954B39}.Debug|Any CPU.ActiveCfg = Debug|Any CPU
		{D00110FD-F183-4B5D-B0E7-C59309954B39}.Debug|Any CPU.Build.0 = Debug|Any CPU
		{D00110FD-F183-4B5D-B0E7-C59309954B39}.Debug|x64.ActiveCfg = Debug|Any CPU
		{D00110FD-F183-4B5D-B0E7-C59309954B39}.Debug|x64.Build.0 = Debug|Any CPU
		{D00110FD-F183-4B5D-B0E7-C59309954B39}.Debug|x86.ActiveCfg = Debug|Any CPU
		{D00110FD-F183-4B5D-B0E7-C59309954B39}.Debug|x86.Build.0 = Debug|Any CPU
		{D00110FD-F183-4B5D-B0E7-C59309954B39}.MOCK|Any CPU.ActiveCfg = MOCK|Any CPU
		{D00110FD-F183-4B5D-B0E7-C59309954B39}.MOCK|Any CPU.Build.0 = MOCK|Any CPU
		{D00110FD-F183-4B5D-B0E7-C59309954B39}.MOCK|x64.ActiveCfg = MOCK|Any CPU
		{D00110FD-F183-4B5D-B0E7-C59309954B39}.MOCK|x64.Build.0 = MOCK|Any CPU
		{D00110FD-F183-4B5D-B0E7-C59309954B39}.MOCK|x86.ActiveCfg = MOCK|Any CPU
		{D00110FD-F183-4B5D-B0E7-C59309954B39}.MOCK|x86.Build.0 = MOCK|Any CPU
		{D00110FD-F183-4B5D-B0E7-C59309954B39}.Release|Any CPU.ActiveCfg = Release|Any CPU
		{D00110FD-F183-4B5D-B0E7-C59309954B39}.Release|Any CPU.Build.0 = Release|Any CPU
		{D00110FD-F183-4B5D-B0E7-C59309954B39}.Release|x64.ActiveCfg = Release|Any CPU
		{D00110FD-F183-4B5D-B0E7-C59309954B39}.Release|x64.Build.0 = Release|Any CPU
		{D00110FD-F183-4B5D-B0E7-C59309954B39}.Release|x86.ActiveCfg = Release|Any CPU
		{D00110FD-F183-4B5D-B0E7-C59309954B39}.Release|x86.Build.0 = Release|Any CPU
		{29D15693-06F4-4532-A64A-9B94DFCD84B6}.Debug|Any CPU.ActiveCfg = Debug|Any CPU
		{29D15693-06F4-4532-A64A-9B94DFCD84B6}.Debug|Any CPU.Build.0 = Debug|Any CPU
		{29D15693-06F4-4532-A64A-9B94DFCD84B6}.Debug|x64.ActiveCfg = Debug|Any CPU
		{29D15693-06F4-4532-A64A-9B94DFCD84B6}.Debug|x64.Build.0 = Debug|Any CPU
		{29D15693-06F4-4532-A64A-9B94DFCD84B6}.Debug|x86.ActiveCfg = Debug|Any CPU
		{29D15693-06F4-4532-A64A-9B94DFCD84B6}.Debug|x86.Build.0 = Debug|Any CPU
		{29D15693-06F4-4532-A64A-9B94DFCD84B6}.MOCK|Any CPU.ActiveCfg = MOCK|Any CPU
		{29D15693-06F4-4532-A64A-9B94DFCD84B6}.MOCK|Any CPU.Build.0 = MOCK|Any CPU
		{29D15693-06F4-4532-A64A-9B94DFCD84B6}.MOCK|x64.ActiveCfg = MOCK|Any CPU
		{29D15693-06F4-4532-A64A-9B94DFCD84B6}.MOCK|x64.Build.0 = MOCK|Any CPU
		{29D15693-06F4-4532-A64A-9B94DFCD84B6}.MOCK|x86.ActiveCfg = MOCK|Any CPU
		{29D15693-06F4-4532-A64A-9B94DFCD84B6}.MOCK|x86.Build.0 = MOCK|Any CPU
		{29D15693-06F4-4532-A64A-9B94DFCD84B6}.Release|Any CPU.ActiveCfg = Release|Any CPU
		{29D15693-06F4-4532-A64A-9B94DFCD84B6}.Release|Any CPU.Build.0 = Release|Any CPU
		{29D15693-06F4-4532-A64A-9B94DFCD84B6}.Release|x64.ActiveCfg = Release|Any CPU
		{29D15693-06F4-4532-A64A-9B94DFCD84B6}.Release|x64.Build.0 = Release|Any CPU
		{29D15693-06F4-4532-A64A-9B94DFCD84B6}.Release|x86.ActiveCfg = Release|Any CPU
		{29D15693-06F4-4532-A64A-9B94DFCD84B6}.Release|x86.Build.0 = Release|Any CPU
	EndGlobalSection
	GlobalSection(SolutionProperties) = preSolution
		HideSolutionNode = FALSE
	EndGlobalSection
	GlobalSection(NestedProjects) = preSolution
		{0EDBBC2E-A0BC-4A9A-A764-19820E9D1B6B} = {BEF2EB11-B0E8-4985-8313-92ACF41B456C}
		{1257F954-9E66-4588-B29F-0C2D4AA01654} = {4FF2DD3A-2DB3-46CB-B187-304610308701}
		{D00110FD-F183-4B5D-B0E7-C59309954B39} = {ED2DAA59-73DD-4EDA-8997-A7178E9CC699}
		{29D15693-06F4-4532-A64A-9B94DFCD84B6} = {6D60CCDF-D978-48E5-902C-DC9CC0856606}
	EndGlobalSection
	GlobalSection(ExtensibilityGlobals) = postSolution
		SolutionGuid = {5282F583-ED73-47ED-87DB-6900E345170D}
	EndGlobalSection
EndGlobal
